// !$*UTF8*$!
{
	archiveVersion = 1;
	classes = {
	};
	objectVersion = 48;
	objects = {

/* Begin PBXBuildFile section */
		2F8BC5BEFB2C07BF92FCD7F2 /* libPods-AppServiceDispatcher-Example.a in Frameworks */ = {isa = PBXBuildFile; fileRef = 7B84004EA7BD6EFE4B38D453 /* libPods-AppServiceDispatcher-Example.a */; };
		C9BD3330200EFC80008AC6BD /* AppDelegate.m in Sources */ = {isa = PBXBuildFile; fileRef = C9BD332F200EFC80008AC6BD /* AppDelegate.m */; };
		C9BD3333200EFC80008AC6BD /* ViewController.m in Sources */ = {isa = PBXBuildFile; fileRef = C9BD3332200EFC80008AC6BD /* ViewController.m */; };
		C9BD3336200EFC80008AC6BD /* Main.storyboard in Resources */ = {isa = PBXBuildFile; fileRef = C9BD3334200EFC80008AC6BD /* Main.storyboard */; };
		C9BD3338200EFC80008AC6BD /* Assets.xcassets in Resources */ = {isa = PBXBuildFile; fileRef = C9BD3337200EFC80008AC6BD /* Assets.xcassets */; };
		C9BD333B200EFC80008AC6BD /* LaunchScreen.storyboard in Resources */ = {isa = PBXBuildFile; fileRef = C9BD3339200EFC80008AC6BD /* LaunchScreen.storyboard */; };
		C9BD333E200EFC80008AC6BD /* main.m in Sources */ = {isa = PBXBuildFile; fileRef = C9BD333D200EFC80008AC6BD /* main.m */; };
		C9BD3350200EFCBB008AC6BD /* Service3.m in Sources */ = {isa = PBXBuildFile; fileRef = C9BD334A200EFCBB008AC6BD /* Service3.m */; };
		C9BD3351200EFCBB008AC6BD /* Service2.m in Sources */ = {isa = PBXBuildFile; fileRef = C9BD334D200EFCBB008AC6BD /* Service2.m */; };
		C9BD3352200EFCBB008AC6BD /* Service1.m in Sources */ = {isa = PBXBuildFile; fileRef = C9BD334F200EFCBB008AC6BD /* Service1.m */; };
/* End PBXBuildFile section */

/* Begin PBXFileReference section */
		7B84004EA7BD6EFE4B38D453 /* libPods-AppServiceDispatcher-Example.a */ = {isa = PBXFileReference; explicitFileType = archive.ar; includeInIndex = 0; path = "libPods-AppServiceDispatcher-Example.a"; sourceTree = BUILT_PRODUCTS_DIR; };
		C95689B638D6A6785D8C444B /* Pods-AppServiceDispatcher-Example.debug.xcconfig */ = {isa = PBXFileReference; includeInIndex = 1; lastKnownFileType = text.xcconfig; name = "Pods-AppServiceDispatcher-Example.debug.xcconfig"; path = "Pods/Target Support Files/Pods-AppServiceDispatcher-Example/Pods-AppServiceDispatcher-Example.debug.xcconfig"; sourceTree = "<group>"; };
		C9BD332B200EFC80008AC6BD /* AppServiceDispatcher-Example.app */ = {isa = PBXFileReference; explicitFileType = wrapper.application; includeInIndex = 0; path = "AppServiceDispatcher-Example.app"; sourceTree = BUILT_PRODUCTS_DIR; };
		C9BD332E200EFC80008AC6BD /* AppDelegate.h */ = {isa = PBXFileReference; lastKnownFileType = sourcecode.c.h; path = AppDelegate.h; sourceTree = "<group>"; };
		C9BD332F200EFC80008AC6BD /* AppDelegate.m */ = {isa = PBXFileReference; lastKnownFileType = sourcecode.c.objc; path = AppDelegate.m; sourceTree = "<group>"; };
		C9BD3331200EFC80008AC6BD /* ViewController.h */ = {isa = PBXFileReference; lastKnownFileType = sourcecode.c.h; path = ViewController.h; sourceTree = "<group>"; };
		C9BD3332200EFC80008AC6BD /* ViewController.m */ = {isa = PBXFileReference; lastKnownFileType = sourcecode.c.objc; path = ViewController.m; sourceTree = "<group>"; };
		C9BD3335200EFC80008AC6BD /* Base */ = {isa = PBXFileReference; lastKnownFileType = file.storyboard; name = Base; path = Base.lproj/Main.storyboard; sourceTree = "<group>"; };
		C9BD3337200EFC80008AC6BD /* Assets.xcassets */ = {isa = PBXFileReference; lastKnownFileType = folder.assetcatalog; path = Assets.xcassets; sourceTree = "<group>"; };
		C9BD333A200EFC80008AC6BD /* Base */ = {isa = PBXFileReference; lastKnownFileType = file.storyboard; name = Base; path = Base.lproj/LaunchScreen.storyboard; sourceTree = "<group>"; };
		C9BD333C200EFC80008AC6BD /* Info.plist */ = {isa = PBXFileReference; lastKnownFileType = text.plist.xml; path = Info.plist; sourceTree = "<group>"; };
		C9BD333D200EFC80008AC6BD /* main.m */ = {isa = PBXFileReference; lastKnownFileType = sourcecode.c.objc; path = main.m; sourceTree = "<group>"; };
		C9BD334A200EFCBB008AC6BD /* Service3.m */ = {isa = PBXFileReference; fileEncoding = 4; lastKnownFileType = sourcecode.c.objc; path = Service3.m; sourceTree = "<group>"; };
		C9BD334B200EFCBB008AC6BD /* Service2.h */ = {isa = PBXFileReference; fileEncoding = 4; lastKnownFileType = sourcecode.c.h; path = Service2.h; sourceTree = "<group>"; };
		C9BD334C200EFCBB008AC6BD /* Service1.h */ = {isa = PBXFileReference; fileEncoding = 4; lastKnownFileType = sourcecode.c.h; path = Service1.h; sourceTree = "<group>"; };
		C9BD334D200EFCBB008AC6BD /* Service2.m */ = {isa = PBXFileReference; fileEncoding = 4; lastKnownFileType = sourcecode.c.objc; path = Service2.m; sourceTree = "<group>"; };
		C9BD334E200EFCBB008AC6BD /* Service3.h */ = {isa = PBXFileReference; fileEncoding = 4; lastKnownFileType = sourcecode.c.h; path = Service3.h; sourceTree = "<group>"; };
		C9BD334F200EFCBB008AC6BD /* Service1.m */ = {isa = PBXFileReference; fileEncoding = 4; lastKnownFileType = sourcecode.c.objc; path = Service1.m; sourceTree = "<group>"; };
		D2C2F0D8902558618D423954 /* Pods-AppServiceDispatcher-Example.release.xcconfig */ = {isa = PBXFileReference; includeInIndex = 1; lastKnownFileType = text.xcconfig; name = "Pods-AppServiceDispatcher-Example.release.xcconfig"; path = "Pods/Target Support Files/Pods-AppServiceDispatcher-Example/Pods-AppServiceDispatcher-Example.release.xcconfig"; sourceTree = "<group>"; };
/* End PBXFileReference section */

/* Begin PBXFrameworksBuildPhase section */
		C9BD3328200EFC80008AC6BD /* Frameworks */ = {
			isa = PBXFrameworksBuildPhase;
			buildActionMask = 2147483647;
			files = (
				2F8BC5BEFB2C07BF92FCD7F2 /* libPods-AppServiceDispatcher-Example.a in Frameworks */,
			);
			runOnlyForDeploymentPostprocessing = 0;
		};
/* End PBXFrameworksBuildPhase section */

/* Begin PBXGroup section */
		05E58B569794A93EDF47B954 /* Frameworks */ = {
			isa = PBXGroup;
			children = (
				7B84004EA7BD6EFE4B38D453 /* libPods-AppServiceDispatcher-Example.a */,
			);
			name = Frameworks;
			sourceTree = "<group>";
		};
		C9BD3322200EFC80008AC6BD = {
			isa = PBXGroup;
			children = (
				C9BD332D200EFC80008AC6BD /* AppServiceDispatcher-Example */,
				C9BD332C200EFC80008AC6BD /* Products */,
				CF551AAB198CEBAE0B4C0555 /* Pods */,
				05E58B569794A93EDF47B954 /* Frameworks */,
			);
			sourceTree = "<group>";
		};
		C9BD332C200EFC80008AC6BD /* Products */ = {
			isa = PBXGroup;
			children = (
				C9BD332B200EFC80008AC6BD /* AppServiceDispatcher-Example.app */,
			);
			name = Products;
			sourceTree = "<group>";
		};
		C9BD332D200EFC80008AC6BD /* AppServiceDispatcher-Example */ = {
			isa = PBXGroup;
			children = (
				C9BD332E200EFC80008AC6BD /* AppDelegate.h */,
				C9BD332F200EFC80008AC6BD /* AppDelegate.m */,
				C9BD334C200EFCBB008AC6BD /* Service1.h */,
				C9BD334F200EFCBB008AC6BD /* Service1.m */,
				C9BD334B200EFCBB008AC6BD /* Service2.h */,
				C9BD334D200EFCBB008AC6BD /* Service2.m */,
				C9BD334E200EFCBB008AC6BD /* Service3.h */,
				C9BD334A200EFCBB008AC6BD /* Service3.m */,
				C9BD3331200EFC80008AC6BD /* ViewController.h */,
				C9BD3332200EFC80008AC6BD /* ViewController.m */,
				C9BD3334200EFC80008AC6BD /* Main.storyboard */,
				C9BD3337200EFC80008AC6BD /* Assets.xcassets */,
				C9BD3339200EFC80008AC6BD /* LaunchScreen.storyboard */,
				C9BD333C200EFC80008AC6BD /* Info.plist */,
				C9BD333D200EFC80008AC6BD /* main.m */,
			);
			path = "AppServiceDispatcher-Example";
			sourceTree = "<group>";
		};
		CF551AAB198CEBAE0B4C0555 /* Pods */ = {
			isa = PBXGroup;
			children = (
				C95689B638D6A6785D8C444B /* Pods-AppServiceDispatcher-Example.debug.xcconfig */,
				D2C2F0D8902558618D423954 /* Pods-AppServiceDispatcher-Example.release.xcconfig */,
			);
			name = Pods;
			sourceTree = "<group>";
		};
/* End PBXGroup section */

/* Begin PBXNativeTarget section */
		C9BD332A200EFC80008AC6BD /* AppServiceDispatcher-Example */ = {
			isa = PBXNativeTarget;
			buildConfigurationList = C9BD3341200EFC80008AC6BD /* Build configuration list for PBXNativeTarget "AppServiceDispatcher-Example" */;
			buildPhases = (
				F8E96EE643DFFF5A5FB8CAF3 /* [CP] Check Pods Manifest.lock */,
				C9BD3327200EFC80008AC6BD /* Sources */,
				C9BD3328200EFC80008AC6BD /* Frameworks */,
				C9BD3329200EFC80008AC6BD /* Resources */,
				8FE3BA23E5CB5554B98D8389 /* [CP] Embed Pods Frameworks */,
				9563B229CD23183B7C7C6D4F /* [CP] Copy Pods Resources */,
			);
			buildRules = (
			);
			dependencies = (
			);
			name = "AppServiceDispatcher-Example";
			productName = "AppServiceDispatcher-Example";
			productReference = C9BD332B200EFC80008AC6BD /* AppServiceDispatcher-Example.app */;
			productType = "com.apple.product-type.application";
		};
/* End PBXNativeTarget section */

/* Begin PBXProject section */
		C9BD3323200EFC80008AC6BD /* Project object */ = {
			isa = PBXProject;
			attributes = {
				LastUpgradeCheck = 0920;
				ORGANIZATIONNAME = Lixiang;
				TargetAttributes = {
					C9BD332A200EFC80008AC6BD = {
						CreatedOnToolsVersion = 9.2;
						ProvisioningStyle = Automatic;
					};
				};
			};
			buildConfigurationList = C9BD3326200EFC80008AC6BD /* Build configuration list for PBXProject "AppServiceDispatcher-Example" */;
			compatibilityVersion = "Xcode 8.0";
			developmentRegion = en;
			hasScannedForEncodings = 0;
			knownRegions = (
				en,
				Base,
			);
			mainGroup = C9BD3322200EFC80008AC6BD;
			productRefGroup = C9BD332C200EFC80008AC6BD /* Products */;
			projectDirPath = "";
			projectRoot = "";
			targets = (
				C9BD332A200EFC80008AC6BD /* AppServiceDispatcher-Example */,
			);
		};
/* End PBXProject section */

/* Begin PBXResourcesBuildPhase section */
		C9BD3329200EFC80008AC6BD /* Resources */ = {
			isa = PBXResourcesBuildPhase;
			buildActionMask = 2147483647;
			files = (
				C9BD333B200EFC80008AC6BD /* LaunchScreen.storyboard in Resources */,
				C9BD3338200EFC80008AC6BD /* Assets.xcassets in Resources */,
				C9BD3336200EFC80008AC6BD /* Main.storyboard in Resources */,
			);
			runOnlyForDeploymentPostprocessing = 0;
		};
/* End PBXResourcesBuildPhase section */

/* Begin PBXShellScriptBuildPhase section */
		8FE3BA23E5CB5554B98D8389 /* [CP] Embed Pods Frameworks */ = {
			isa = PBXShellScriptBuildPhase;
			buildActionMask = 2147483647;
			files = (
			);
			inputPaths = (
			);
			name = "[CP] Embed Pods Frameworks";
			outputPaths = (
			);
			runOnlyForDeploymentPostprocessing = 0;
			shellPath = /bin/sh;
			shellScript = "\"${SRCROOT}/Pods/Target Support Files/Pods-AppServiceDispatcher-Example/Pods-AppServiceDispatcher-Example-frameworks.sh\"\n";
			showEnvVarsInLog = 0;
		};
		9563B229CD23183B7C7C6D4F /* [CP] Copy Pods Resources */ = {
			isa = PBXShellScriptBuildPhase;
			buildActionMask = 2147483647;
			files = (
			);
			inputPaths = (
			);
			name = "[CP] Copy Pods Resources";
			outputPaths = (
			);
			runOnlyForDeploymentPostprocessing = 0;
			shellPath = /bin/sh;
			shellScript = "\"${SRCROOT}/Pods/Target Support Files/Pods-AppServiceDispatcher-Example/Pods-AppServiceDispatcher-Example-resources.sh\"\n";
			showEnvVarsInLog = 0;
		};
		F8E96EE643DFFF5A5FB8CAF3 /* [CP] Check Pods Manifest.lock */ = {
			isa = PBXShellScriptBuildPhase;
			buildActionMask = 2147483647;
			files = (
			);
			inputPaths = (
				"${PODS_PODFILE_DIR_PATH}/Podfile.lock",
				"${PODS_ROOT}/Manifest.lock",
			);
			name = "[CP] Check Pods Manifest.lock";
			outputPaths = (
				"$(DERIVED_FILE_DIR)/Pods-AppServiceDispatcher-Example-checkManifestLockResult.txt",
			);
			runOnlyForDeploymentPostprocessing = 0;
			shellPath = /bin/sh;
			shellScript = "diff \"${PODS_PODFILE_DIR_PATH}/Podfile.lock\" \"${PODS_ROOT}/Manifest.lock\" > /dev/null\nif [ $? != 0 ] ; then\n    # print error to STDERR\n    echo \"error: The sandbox is not in sync with the Podfile.lock. Run 'pod install' or update your CocoaPods installation.\" >&2\n    exit 1\nfi\n# This output is used by Xcode 'outputs' to avoid re-running this script phase.\necho \"SUCCESS\" > \"${SCRIPT_OUTPUT_FILE_0}\"\n";
			showEnvVarsInLog = 0;
		};
/* End PBXShellScriptBuildPhase section */

/* Begin PBXSourcesBuildPhase section */
		C9BD3327200EFC80008AC6BD /* Sources */ = {
			isa = PBXSourcesBuildPhase;
			buildActionMask = 2147483647;
			files = (
				C9BD3333200EFC80008AC6BD /* ViewController.m in Sources */,
				C9BD3350200EFCBB008AC6BD /* Service3.m in Sources */,
				C9BD3351200EFCBB008AC6BD /* Service2.m in Sources */,
				C9BD333E200EFC80008AC6BD /* main.m in Sources */,
				C9BD3330200EFC80008AC6BD /* AppDelegate.m in Sources */,
				C9BD3352200EFCBB008AC6BD /* Service1.m in Sources */,
			);
			runOnlyForDeploymentPostprocessing = 0;
		};
/* End PBXSourcesBuildPhase section */

/* Begin PBXVariantGroup section */
		C9BD3334200EFC80008AC6BD /* Main.storyboard */ = {
			isa = PBXVariantGroup;
			children = (
				C9BD3335200EFC80008AC6BD /* Base */,
			);
			name = Main.storyboard;
			sourceTree = "<group>";
		};
		C9BD3339200EFC80008AC6BD /* LaunchScreen.storyboard */ = {
			isa = PBXVariantGroup;
			children = (
				C9BD333A200EFC80008AC6BD /* Base */,
			);
			name = LaunchScreen.storyboard;
			sourceTree = "<group>";
		};
/* End PBXVariantGroup section */

/* Begin XCBuildConfiguration section */
		C9BD333F200EFC80008AC6BD /* Debug */ = {
			isa = XCBuildConfiguration;
			buildSettings = {
				ALWAYS_SEARCH_USER_PATHS = NO;
				CLANG_ANALYZER_NONNULL = YES;
				CLANG_ANALYZER_NUMBER_OBJECT_CONVERSION = YES_AGGRESSIVE;
				CLANG_CXX_LANGUAGE_STANDARD = "gnu++14";
				CLANG_CXX_LIBRARY = "libc++";
				CLANG_ENABLE_MODULES = YES;
				CLANG_ENABLE_OBJC_ARC = YES;
				CLANG_WARN_BLOCK_CAPTURE_AUTORELEASING = YES;
				CLANG_WARN_BOOL_CONVERSION = YES;
				CLANG_WARN_COMMA = YES;
				CLANG_WARN_CONSTANT_CONVERSION = YES;
				CLANG_WARN_DIRECT_OBJC_ISA_USAGE = YES_ERROR;
				CLANG_WARN_DOCUMENTATION_COMMENTS = YES;
				CLANG_WARN_EMPTY_BODY = YES;
				CLANG_WARN_ENUM_CONVERSION = YES;
				CLANG_WARN_INFINITE_RECURSION = YES;
				CLANG_WARN_INT_CONVERSION = YES;
				CLANG_WARN_NON_LITERAL_NULL_CONVERSION = YES;
				CLANG_WARN_OBJC_LITERAL_CONVERSION = YES;
				CLANG_WARN_OBJC_ROOT_CLASS = YES_ERROR;
				CLANG_WARN_RANGE_LOOP_ANALYSIS = YES;
				CLANG_WARN_STRICT_PROTOTYPES = YES;
				CLANG_WARN_SUSPICIOUS_MOVE = YES;
				CLANG_WARN_UNGUARDED_AVAILABILITY = YES_AGGRESSIVE;
				CLANG_WARN_UNREACHABLE_CODE = YES;
				CLANG_WARN__DUPLICATE_METHOD_MATCH = YES;
				CODE_SIGN_IDENTITY = "iPhone Developer";
				COPY_PHASE_STRIP = NO;
				DEBUG_INFORMATION_FORMAT = dwarf;
				ENABLE_STRICT_OBJC_MSGSEND = YES;
				ENABLE_TESTABILITY = YES;
				GCC_C_LANGUAGE_STANDARD = gnu11;
				GCC_DYNAMIC_NO_PIC = NO;
				GCC_NO_COMMON_BLOCKS = YES;
				GCC_OPTIMIZATION_LEVEL = 0;
				GCC_PREPROCESSOR_DEFINITIONS = (
					"DEBUG=1",
					"$(inherited)",
				);
				GCC_WARN_64_TO_32_BIT_CONVERSION = YES;
				GCC_WARN_ABOUT_RETURN_TYPE = YES_ERROR;
				GCC_WARN_UNDECLARED_SELECTOR = YES;
				GCC_WARN_UNINITIALIZED_AUTOS = YES_AGGRESSIVE;
				GCC_WARN_UNUSED_FUNCTION = YES;
				GCC_WARN_UNUSED_VARIABLE = YES;
				IPHONEOS_DEPLOYMENT_TARGET = 11.2;
				MTL_ENABLE_DEBUG_INFO = YES;
				ONLY_ACTIVE_ARCH = YES;
				SDKROOT = iphoneos;
			};
			name = Debug;
		};
		C9BD3340200EFC80008AC6BD /* Release */ = {
			isa = XCBuildConfiguration;
			buildSettings = {
				ALWAYS_SEARCH_USER_PATHS = NO;
				CLANG_ANALYZER_NONNULL = YES;
				CLANG_ANALYZER_NUMBER_OBJECT_CONVERSION = YES_AGGRESSIVE;
				CLANG_CXX_LANGUAGE_STANDARD = "gnu++14";
				CLANG_CXX_LIBRARY = "libc++";
				CLANG_ENABLE_MODULES = YES;
				CLANG_ENABLE_OBJC_ARC = YES;
				CLANG_WARN_BLOCK_CAPTURE_AUTORELEASING = YES;
				CLANG_WARN_BOOL_CONVERSION = YES;
				CLANG_WARN_COMMA = YES;
				CLANG_WARN_CONSTANT_CONVERSION = YES;
				CLANG_WARN_DIRECT_OBJC_ISA_USAGE = YES_ERROR;
				CLANG_WARN_DOCUMENTATION_COMMENTS = YES;
				CLANG_WARN_EMPTY_BODY = YES;
				CLANG_WARN_ENUM_CONVERSION = YES;
				CLANG_WARN_INFINITE_RECURSION = YES;
				CLANG_WARN_INT_CONVERSION = YES;
				CLANG_WARN_NON_LITERAL_NULL_CONVERSION = YES;
				CLANG_WARN_OBJC_LITERAL_CONVERSION = YES;
				CLANG_WARN_OBJC_ROOT_CLASS = YES_ERROR;
				CLANG_WARN_RANGE_LOOP_ANALYSIS = YES;
				CLANG_WARN_STRICT_PROTOTYPES = YES;
				CLANG_WARN_SUSPICIOUS_MOVE = YES;
				CLANG_WARN_UNGUARDED_AVAILABILITY = YES_AGGRESSIVE;
				CLANG_WARN_UNREACHABLE_CODE = YES;
				CLANG_WARN__DUPLICATE_METHOD_MATCH = YES;
				CODE_SIGN_IDENTITY = "iPhone Developer";
				COPY_PHASE_STRIP = NO;
				DEBUG_INFORMATION_FORMAT = "dwarf-with-dsym";
				ENABLE_NS_ASSERTIONS = NO;
				ENABLE_STRICT_OBJC_MSGSEND = YES;
				GCC_C_LANGUAGE_STANDARD = gnu11;
				GCC_NO_COMMON_BLOCKS = YES;
				GCC_WARN_64_TO_32_BIT_CONVERSION = YES;
				GCC_WARN_ABOUT_RETURN_TYPE = YES_ERROR;
				GCC_WARN_UNDECLARED_SELECTOR = YES;
				GCC_WARN_UNINITIALIZED_AUTOS = YES_AGGRESSIVE;
				GCC_WARN_UNUSED_FUNCTION = YES;
				GCC_WARN_UNUSED_VARIABLE = YES;
				IPHONEOS_DEPLOYMENT_TARGET = 11.2;
				MTL_ENABLE_DEBUG_INFO = NO;
				SDKROOT = iphoneos;
				VALIDATE_PRODUCT = YES;
			};
			name = Release;
		};
		C9BD3342200EFC80008AC6BD /* Debug */ = {
			isa = XCBuildConfiguration;
			baseConfigurationReference = C95689B638D6A6785D8C444B /* Pods-AppServiceDispatcher-Example.debug.xcconfig */;
			buildSettings = {
				ASSETCATALOG_COMPILER_APPICON_NAME = AppIcon;
				CODE_SIGN_STYLE = Automatic;
				DEVELOPMENT_TEAM = LZ7KAN3586;
				INFOPLIST_FILE = "AppServiceDispatcher-Example/Info.plist";
				LD_RUNPATH_SEARCH_PATHS = "$(inherited) @executable_path/Frameworks";
				PRODUCT_BUNDLE_IDENTIFIER = "com.lixiang.AppServiceDispatcher-Example";
				PRODUCT_NAME = "$(TARGET_NAME)";
				TARGETED_DEVICE_FAMILY = "1,2";
			};
			name = Debug;
		};
		C9BD3343200EFC80008AC6BD /* Release */ = {
			isa = XCBuildConfiguration;
			baseConfigurationReference = D2C2F0D8902558618D423954 /* Pods-AppServiceDispatcher-Example.release.xcconfig */;
			buildSettings = {
				ASSETCATALOG_COMPILER_APPICON_NAME = AppIcon;
				CODE_SIGN_STYLE = Automatic;
				DEVELOPMENT_TEAM = LZ7KAN3586;
				INFOPLIST_FILE = "AppServiceDispatcher-Example/Info.plist";
				LD_RUNPATH_SEARCH_PATHS = "$(inherited) @executable_path/Frameworks";
				PRODUCT_BUNDLE_IDENTIFIER = "com.lixiang.AppServiceDispatcher-Example";
				PRODUCT_NAME = "$(TARGET_NAME)";
				TARGETED_DEVICE_FAMILY = "1,2";
			};
			name = Release;
		};
/* End XCBuildConfiguration section */

/* Begin XCConfigurationList section */
		C9BD3326200EFC80008AC6BD /* Build configuration list for PBXProject "AppServiceDispatcher-Example" */ = {
			isa = XCConfigurationList;
			buildConfigurations = (
				C9BD333F200EFC80008AC6BD /* Debug */,
				C9BD3340200EFC80008AC6BD /* Release */,
			);
			defaultConfigurationIsVisible = 0;
			defaultConfigurationName = Release;
		};
		C9BD3341200EFC80008AC6BD /* Build configuration list for PBXNativeTarget "AppServiceDispatcher-Example" */ = {
			isa = XCConfigurationList;
			buildConfigurations = (
				C9BD3342200EFC80008AC6BD /* Debug */,
				C9BD3343200EFC80008AC6BD /* Release */,
			);
			defaultConfigurationIsVisible = 0;
			defaultConfigurationName = Release;
		};
/* End XCConfigurationList section */
	};
	rootObject = C9BD3323200EFC80008AC6BD /* Project object */;
}
